
Microsoft Visual Studio Solution File, Format Version 12.00
# Visual Studio Version 16
VisualStudioVersion = 16.0.31702.278
MinimumVisualStudioVersion = 10.0.40219.1
Project("{FAE04EC0-301F-11D3-BF4B-00C04F79EFBC}") = "AppWebVentas", "AppWebVentas\AppWebVentas.csproj", "{8A7E1586-2DF4-4C29-B448-B3ECC588FF8D}"
EndProject
Project("{FAE04EC0-301F-11D3-BF4B-00C04F79EFBC}") = "Datos", "Datos\Datos.csproj", "{822043AD-0DA8-454B-BCCC-470359CDA3CA}"
EndProject
Global
	GlobalSection(SolutionConfigurationPlatforms) = preSolution
		Debug|Any CPU = Debug|Any CPU
		Release|Any CPU = Release|Any CPU
	EndGlobalSection
	GlobalSection(ProjectConfigurationPlatforms) = postSolution
		{8A7E1586-2DF4-4C29-B448-B3ECC588FF8D}.Debug|Any CPU.ActiveCfg = Debug|Any CPU
		{8A7E1586-2DF4-4C29-B448-B3ECC588FF8D}.Debug|Any CPU.Build.0 = Debug|Any CPU
		{8A7E1586-2DF4-4C29-B448-B3ECC588FF8D}.Release|Any CPU.ActiveCfg = Release|Any CPU
		{8A7E1586-2DF4-4C29-B448-B3ECC588FF8D}.Release|Any CPU.Build.0 = Release|Any CPU
		{822043AD-0DA8-454B-BCCC-470359CDA3CA}.Debug|Any CPU.ActiveCfg = Debug|Any CPU
		{822043AD-0DA8-454B-BCCC-470359CDA3CA}.Debug|Any CPU.Build.0 = Debug|Any CPU
		{822043AD-0DA8-454B-BCCC-470359CDA3CA}.Release|Any CPU.ActiveCfg = Release|Any CPU
		{822043AD-0DA8-454B-BCCC-470359CDA3CA}.Release|Any CPU.Build.0 = Release|Any CPU
	EndGlobalSection
	GlobalSection(SolutionProperties) = preSolution
		HideSolutionNode = FALSE
	EndGlobalSection
	GlobalSection(ExtensibilityGlobals) = postSolution
		SolutionGuid = {295AF577-8811-4378-B474-7AC33BBF4692}
	EndGlobalSection
EndGlobal
